{
  "name": "simpledivemeets",
  "version": "0.0.1",
  "lockfileVersion": 1,
  "dependencies": {
    "bulma": {
      "version": "0.4.2",
      "resolved": "https://registry.npmjs.org/bulma/-/bulma-0.4.2.tgz",
      "integrity": "sha1-O+jIMs9mWL/EIey0H23FqKDHwOU="
    },
    "fuse.js": {
      "version": "3.0.5",
      "resolved": "https://registry.npmjs.org/fuse.js/-/fuse.js-3.0.5.tgz",
      "integrity": "sha1-tY2Fh4gCMh3pRGFlSUe5OvEIZyc="
    },
    "jQuery": {
      "version": "1.7.4",
      "resolved": "https://registry.npmjs.org/jQuery/-/jQuery-1.7.4.tgz",
      "integrity": "sha1-8y3FyFpwRO6GS0RDue5F+UeLoTc="
    }
  }
}
